
Microsoft Visual Studio Solution File, Format Version 12.00
# Visual Studio Version 17
VisualStudioVersion = 17.11.35312.102
MinimumVisualStudioVersion = 10.0.40219.1
Project("{FAE04EC0-301F-11D3-BF4B-00C04F79EFBC}") = "Guna Limiter", "Guna Limiter\Guna Limiter.csproj", "{9017D69D-853F-496A-99E9-D1E15B8B391D}"
EndProject
Global
	GlobalSection(SolutionConfigurationPlatforms) = preSolution
		Debug|Any CPU = Debug|Any CPU
		Release|Any CPU = Release|Any CPU
	EndGlobalSection
	GlobalSection(ProjectConfigurationPlatforms) = postSolution
		{9017D69D-853F-496A-99E9-D1E15B8B391D}.Debug|Any CPU.ActiveCfg = Debug|Any CPU
		{9017D69D-853F-496A-99E9-D1E15B8B391D}.Debug|Any CPU.Build.0 = Debug|Any CPU
		{9017D69D-853F-496A-99E9-D1E15B8B391D}.Release|Any CPU.ActiveCfg = Release|Any CPU
		{9017D69D-853F-496A-99E9-D1E15B8B391D}.Release|Any CPU.Build.0 = Release|Any CPU
	EndGlobalSection
	GlobalSection(SolutionProperties) = preSolution
		HideSolutionNode = FALSE
	EndGlobalSection
	GlobalSection(ExtensibilityGlobals) = postSolution
		SolutionGuid = {1163AE92-C37A-409E-8014-AAF923FA4E26}
	EndGlobalSection
EndGlobal
